// !$*UTF8*$!
{
	archiveVersion = 1;
	classes = {
	};
	objectVersion = 46;
	objects = {

/* Begin PBXBuildFile section */
		2D3A75EE146CEC1E00303C0D /* Foundation.framework in Frameworks */ = {isa = PBXBuildFile; fileRef = 2D3A75ED146CEC1E00303C0D /* Foundation.framework */; };
		2D3A75F0146CEC1E00303C0D /* UIKit.framework in Frameworks */ = {isa = PBXBuildFile; fileRef = 2D3A75EF146CEC1E00303C0D /* UIKit.framework */; };
		2D3A75F2146CEC1E00303C0D /* CoreGraphics.framework in Frameworks */ = {isa = PBXBuildFile; fileRef = 2D3A75F1146CEC1E00303C0D /* CoreGraphics.framework */; };
		2D3A75F4146CEC1E00303C0D /* AddressBook.framework in Frameworks */ = {isa = PBXBuildFile; fileRef = 2D3A75F3146CEC1E00303C0D /* AddressBook.framework */; };
		2D3A75F6146CEC1E00303C0D /* AddressBookUI.framework in Frameworks */ = {isa = PBXBuildFile; fileRef = 2D3A75F5146CEC1E00303C0D /* AddressBookUI.framework */; };
		2D3A75F8146CEC1E00303C0D /* AudioToolbox.framework in Frameworks */ = {isa = PBXBuildFile; fileRef = 2D3A75F7146CEC1E00303C0D /* AudioToolbox.framework */; };
		2D3A75FA146CEC1E00303C0D /* AVFoundation.framework in Frameworks */ = {isa = PBXBuildFile; fileRef = 2D3A75F9146CEC1E00303C0D /* AVFoundation.framework */; };
		2D3A75FC146CEC1E00303C0D /* CoreLocation.framework in Frameworks */ = {isa = PBXBuildFile; fileRef = 2D3A75FB146CEC1E00303C0D /* CoreLocation.framework */; };
		2D3A75FE146CEC1E00303C0D /* MediaPlayer.framework in Frameworks */ = {isa = PBXBuildFile; fileRef = 2D3A75FD146CEC1E00303C0D /* MediaPlayer.framework */; };
		2D3A7600146CEC1E00303C0D /* QuartzCore.framework in Frameworks */ = {isa = PBXBuildFile; fileRef = 2D3A75FF146CEC1E00303C0D /* QuartzCore.framework */; };
		2D3A7602146CEC1E00303C0D /* SystemConfiguration.framework in Frameworks */ = {isa = PBXBuildFile; fileRef = 2D3A7601146CEC1E00303C0D /* SystemConfiguration.framework */; };
		2D3A7604146CEC1E00303C0D /* MobileCoreServices.framework in Frameworks */ = {isa = PBXBuildFile; fileRef = 2D3A7603146CEC1E00303C0D /* MobileCoreServices.framework */; };
		2D3A7606146CEC1E00303C0D /* CoreMedia.framework in Frameworks */ = {isa = PBXBuildFile; fileRef = 2D3A7605146CEC1E00303C0D /* CoreMedia.framework */; };
		2D3A760C146CEC1E00303C0D /* InfoPlist.strings in Resources */ = {isa = PBXBuildFile; fileRef = 2D3A760A146CEC1E00303C0D /* InfoPlist.strings */; };
		2D3A760E146CEC1E00303C0D /* main.m in Sources */ = {isa = PBXBuildFile; fileRef = 2D3A760D146CEC1E00303C0D /* main.m */; };
		2D3A7611146CEC1E00303C0D /* PhoneGap.framework in Frameworks */ = {isa = PBXBuildFile; fileRef = 2D3A7610146CEC1E00303C0D /* PhoneGap.framework */; };
		2D3A7616146CEC1E00303C0D /* Localizable.strings in Resources */ = {isa = PBXBuildFile; fileRef = 2D3A7614146CEC1E00303C0D /* Localizable.strings */; };
		2D3A761A146CEC1E00303C0D /* Localizable.strings in Resources */ = {isa = PBXBuildFile; fileRef = 2D3A7618146CEC1E00303C0D /* Localizable.strings */; };
		2D3A761D146CEC1E00303C0D /* icon.png in Resources */ = {isa = PBXBuildFile; fileRef = 2D3A761C146CEC1E00303C0D /* icon.png */; };
		2D3A761F146CEC1E00303C0D /* icon@2x.png in Resources */ = {isa = PBXBuildFile; fileRef = 2D3A761E146CEC1E00303C0D /* icon@2x.png */; };
		2D3A7621146CEC1E00303C0D /* icon-72.png in Resources */ = {isa = PBXBuildFile; fileRef = 2D3A7620146CEC1E00303C0D /* icon-72.png */; };
		2D3A7624146CEC1E00303C0D /* Default.png in Resources */ = {isa = PBXBuildFile; fileRef = 2D3A7623146CEC1E00303C0D /* Default.png */; };
		2D3A7626146CEC1E00303C0D /* Default@2x.png in Resources */ = {isa = PBXBuildFile; fileRef = 2D3A7625146CEC1E00303C0D /* Default@2x.png */; };
		2D3A7628146CEC1E00303C0D /* Capture.bundle in Resources */ = {isa = PBXBuildFile; fileRef = 2D3A7627146CEC1E00303C0D /* Capture.bundle */; };
		2D3A762A146CEC1E00303C0D /* PhoneGap.plist in Resources */ = {isa = PBXBuildFile; fileRef = 2D3A7629146CEC1E00303C0D /* PhoneGap.plist */; };
		2D3A762E146CEC1E00303C0D /* AppDelegate.m in Sources */ = {isa = PBXBuildFile; fileRef = 2D3A762D146CEC1E00303C0D /* AppDelegate.m */; };
		2D3A7637146CEC5400303C0D /* www in Resources */ = {isa = PBXBuildFile; fileRef = 2D3A7636146CEC5400303C0D /* www */; };
/* End PBXBuildFile section */

/* Begin PBXFileReference section */
		2D3A75E9146CEC1E00303C0D /* play-more.app */ = {isa = PBXFileReference; explicitFileType = wrapper.application; includeInIndex = 0; path = "play-more.app"; sourceTree = BUILT_PRODUCTS_DIR; };
		2D3A75ED146CEC1E00303C0D /* Foundation.framework */ = {isa = PBXFileReference; lastKnownFileType = wrapper.framework; name = Foundation.framework; path = System/Library/Frameworks/Foundation.framework; sourceTree = SDKROOT; };
		2D3A75EF146CEC1E00303C0D /* UIKit.framework */ = {isa = PBXFileReference; lastKnownFileType = wrapper.framework; name = UIKit.framework; path = System/Library/Frameworks/UIKit.framework; sourceTree = SDKROOT; };
		2D3A75F1146CEC1E00303C0D /* CoreGraphics.framework */ = {isa = PBXFileReference; lastKnownFileType = wrapper.framework; name = CoreGraphics.framework; path = System/Library/Frameworks/CoreGraphics.framework; sourceTree = SDKROOT; };
		2D3A75F3146CEC1E00303C0D /* AddressBook.framework */ = {isa = PBXFileReference; lastKnownFileType = wrapper.framework; name = AddressBook.framework; path = System/Library/Frameworks/AddressBook.framework; sourceTree = SDKROOT; };
		2D3A75F5146CEC1E00303C0D /* AddressBookUI.framework */ = {isa = PBXFileReference; lastKnownFileType = wrapper.framework; name = AddressBookUI.framework; path = System/Library/Frameworks/AddressBookUI.framework; sourceTree = SDKROOT; };
		2D3A75F7146CEC1E00303C0D /* AudioToolbox.framework */ = {isa = PBXFileReference; lastKnownFileType = wrapper.framework; name = AudioToolbox.framework; path = System/Library/Frameworks/AudioToolbox.framework; sourceTree = SDKROOT; };
		2D3A75F9146CEC1E00303C0D /* AVFoundation.framework */ = {isa = PBXFileReference; lastKnownFileType = wrapper.framework; name = AVFoundation.framework; path = System/Library/Frameworks/AVFoundation.framework; sourceTree = SDKROOT; };
		2D3A75FB146CEC1E00303C0D /* CoreLocation.framework */ = {isa = PBXFileReference; lastKnownFileType = wrapper.framework; name = CoreLocation.framework; path = System/Library/Frameworks/CoreLocation.framework; sourceTree = SDKROOT; };
		2D3A75FD146CEC1E00303C0D /* MediaPlayer.framework */ = {isa = PBXFileReference; lastKnownFileType = wrapper.framework; name = MediaPlayer.framework; path = System/Library/Frameworks/MediaPlayer.framework; sourceTree = SDKROOT; };
		2D3A75FF146CEC1E00303C0D /* QuartzCore.framework */ = {isa = PBXFileReference; lastKnownFileType = wrapper.framework; name = QuartzCore.framework; path = System/Library/Frameworks/QuartzCore.framework; sourceTree = SDKROOT; };
		2D3A7601146CEC1E00303C0D /* SystemConfiguration.framework */ = {isa = PBXFileReference; lastKnownFileType = wrapper.framework; name = SystemConfiguration.framework; path = System/Library/Frameworks/SystemConfiguration.framework; sourceTree = SDKROOT; };
		2D3A7603146CEC1E00303C0D /* MobileCoreServices.framework */ = {isa = PBXFileReference; lastKnownFileType = wrapper.framework; name = MobileCoreServices.framework; path = System/Library/Frameworks/MobileCoreServices.framework; sourceTree = SDKROOT; };
		2D3A7605146CEC1E00303C0D /* CoreMedia.framework */ = {isa = PBXFileReference; lastKnownFileType = wrapper.framework; name = CoreMedia.framework; path = System/Library/Frameworks/CoreMedia.framework; sourceTree = SDKROOT; };
		2D3A7609146CEC1E00303C0D /* play-more-Info.plist */ = {isa = PBXFileReference; lastKnownFileType = text.plist.xml; path = "play-more-Info.plist"; sourceTree = "<group>"; };
		2D3A760B146CEC1E00303C0D /* en */ = {isa = PBXFileReference; lastKnownFileType = text.plist.strings; name = en; path = en.lproj/InfoPlist.strings; sourceTree = "<group>"; };
		2D3A760D146CEC1E00303C0D /* main.m */ = {isa = PBXFileReference; lastKnownFileType = sourcecode.c.objc; path = main.m; sourceTree = "<group>"; };
		2D3A760F146CEC1E00303C0D /* play-more-Prefix.pch */ = {isa = PBXFileReference; lastKnownFileType = sourcecode.c.h; path = "play-more-Prefix.pch"; sourceTree = "<group>"; };
		2D3A7610146CEC1E00303C0D /* PhoneGap.framework */ = {isa = PBXFileReference; lastKnownFileType = wrapper.framework; name = PhoneGap.framework; path = /Users/Shared/PhoneGap/Frameworks/PhoneGap.framework; sourceTree = "<absolute>"; };
		2D3A7615146CEC1E00303C0D /* en */ = {isa = PBXFileReference; lastKnownFileType = text.plist.strings; name = en; path = Resources/en.lproj/Localizable.strings; sourceTree = "<group>"; };
		2D3A7619146CEC1E00303C0D /* es */ = {isa = PBXFileReference; lastKnownFileType = text.plist.strings; name = es; path = Resources/es.lproj/Localizable.strings; sourceTree = "<group>"; };
		2D3A761C146CEC1E00303C0D /* icon.png */ = {isa = PBXFileReference; lastKnownFileType = image.png; name = icon.png; path = Resources/icons/icon.png; sourceTree = "<group>"; };
		2D3A761E146CEC1E00303C0D /* icon@2x.png */ = {isa = PBXFileReference; lastKnownFileType = image.png; name = "icon@2x.png"; path = "Resources/icons/icon@2x.png"; sourceTree = "<group>"; };
		2D3A7620146CEC1E00303C0D /* icon-72.png */ = {isa = PBXFileReference; lastKnownFileType = image.png; name = "icon-72.png"; path = "Resources/icons/icon-72.png"; sourceTree = "<group>"; };
		2D3A7623146CEC1E00303C0D /* Default.png */ = {isa = PBXFileReference; lastKnownFileType = image.png; name = Default.png; path = Resources/splash/Default.png; sourceTree = "<group>"; };
		2D3A7625146CEC1E00303C0D /* Default@2x.png */ = {isa = PBXFileReference; lastKnownFileType = image.png; name = "Default@2x.png"; path = "Resources/splash/Default@2x.png"; sourceTree = "<group>"; };
		2D3A7627146CEC1E00303C0D /* Capture.bundle */ = {isa = PBXFileReference; lastKnownFileType = "wrapper.plug-in"; name = Capture.bundle; path = Resources/Capture.bundle; sourceTree = "<group>"; };
		2D3A7629146CEC1E00303C0D /* PhoneGap.plist */ = {isa = PBXFileReference; lastKnownFileType = text.plist.xml; path = PhoneGap.plist; sourceTree = "<group>"; };
		2D3A762C146CEC1E00303C0D /* AppDelegate.h */ = {isa = PBXFileReference; lastKnownFileType = sourcecode.c.h; name = AppDelegate.h; path = Classes/AppDelegate.h; sourceTree = "<group>"; };
		2D3A762D146CEC1E00303C0D /* AppDelegate.m */ = {isa = PBXFileReference; lastKnownFileType = sourcecode.c.objc; name = AppDelegate.m; path = Classes/AppDelegate.m; sourceTree = "<group>"; };
		2D3A7630146CEC1E00303C0D /* README */ = {isa = PBXFileReference; lastKnownFileType = text; name = README; path = Plugins/README; sourceTree = "<group>"; };
		2D3A7636146CEC5400303C0D /* www */ = {isa = PBXFileReference; lastKnownFileType = folder; path = www; sourceTree = "<group>"; };
/* End PBXFileReference section */

/* Begin PBXFrameworksBuildPhase section */
		2D3A75E3146CEC1E00303C0D /* Frameworks */ = {
			isa = PBXFrameworksBuildPhase;
			buildActionMask = 2147483647;
			files = (
				2D3A75EE146CEC1E00303C0D /* Foundation.framework in Frameworks */,
				2D3A75F0146CEC1E00303C0D /* UIKit.framework in Frameworks */,
				2D3A75F2146CEC1E00303C0D /* CoreGraphics.framework in Frameworks */,
				2D3A75F4146CEC1E00303C0D /* AddressBook.framework in Frameworks */,
				2D3A75F6146CEC1E00303C0D /* AddressBookUI.framework in Frameworks */,
				2D3A75F8146CEC1E00303C0D /* AudioToolbox.framework in Frameworks */,
				2D3A75FA146CEC1E00303C0D /* AVFoundation.framework in Frameworks */,
				2D3A75FC146CEC1E00303C0D /* CoreLocation.framework in Frameworks */,
				2D3A75FE146CEC1E00303C0D /* MediaPlayer.framework in Frameworks */,
				2D3A7600146CEC1E00303C0D /* QuartzCore.framework in Frameworks */,
				2D3A7602146CEC1E00303C0D /* SystemConfiguration.framework in Frameworks */,
				2D3A7604146CEC1E00303C0D /* MobileCoreServices.framework in Frameworks */,
				2D3A7606146CEC1E00303C0D /* CoreMedia.framework in Frameworks */,
				2D3A7611146CEC1E00303C0D /* PhoneGap.framework in Frameworks */,
			);
			runOnlyForDeploymentPostprocessing = 0;
		};
		2D3A75E6146CEC1E00303C0D /* Frameworks */ = {
			isa = PBXFrameworksBuildPhase;
			buildActionMask = 2147483647;
			files = (
			);
			runOnlyForDeploymentPostprocessing = 0;
		};
/* End PBXFrameworksBuildPhase section */

/* Begin PBXGroup section */
		2D3A75DB146CEC1D00303C0D = {
			isa = PBXGroup;
			children = (
				2D3A7636146CEC5400303C0D /* www */,
				2D3A7607146CEC1E00303C0D /* play-more */,
				2D3A75EC146CEC1E00303C0D /* Frameworks */,
				2D3A75EA146CEC1E00303C0D /* Products */,
			);
			sourceTree = "<group>";
		};
		2D3A75EA146CEC1E00303C0D /* Products */ = {
			isa = PBXGroup;
			children = (
				2D3A75E9146CEC1E00303C0D /* play-more.app */,
			);
			name = Products;
			sourceTree = "<group>";
		};
		2D3A75EC146CEC1E00303C0D /* Frameworks */ = {
			isa = PBXGroup;
			children = (
				2D3A75ED146CEC1E00303C0D /* Foundation.framework */,
				2D3A75EF146CEC1E00303C0D /* UIKit.framework */,
				2D3A75F1146CEC1E00303C0D /* CoreGraphics.framework */,
				2D3A75F3146CEC1E00303C0D /* AddressBook.framework */,
				2D3A75F5146CEC1E00303C0D /* AddressBookUI.framework */,
				2D3A75F7146CEC1E00303C0D /* AudioToolbox.framework */,
				2D3A75F9146CEC1E00303C0D /* AVFoundation.framework */,
				2D3A75FB146CEC1E00303C0D /* CoreLocation.framework */,
				2D3A75FD146CEC1E00303C0D /* MediaPlayer.framework */,
				2D3A75FF146CEC1E00303C0D /* QuartzCore.framework */,
				2D3A7601146CEC1E00303C0D /* SystemConfiguration.framework */,
				2D3A7603146CEC1E00303C0D /* MobileCoreServices.framework */,
				2D3A7605146CEC1E00303C0D /* CoreMedia.framework */,
			);
			name = Frameworks;
			sourceTree = "<group>";
		};
		2D3A7607146CEC1E00303C0D /* play-more */ = {
			isa = PBXGroup;
			children = (
				2D3A7610146CEC1E00303C0D /* PhoneGap.framework */,
				2D3A7612146CEC1E00303C0D /* Resources */,
				2D3A762B146CEC1E00303C0D /* Classes */,
				2D3A762F146CEC1E00303C0D /* Plugins */,
				2D3A7608146CEC1E00303C0D /* Supporting Files */,
			);
			path = "play-more";
			sourceTree = "<group>";
		};
		2D3A7608146CEC1E00303C0D /* Supporting Files */ = {
			isa = PBXGroup;
			children = (
				2D3A7609146CEC1E00303C0D /* play-more-Info.plist */,
				2D3A760A146CEC1E00303C0D /* InfoPlist.strings */,
				2D3A760D146CEC1E00303C0D /* main.m */,
				2D3A760F146CEC1E00303C0D /* play-more-Prefix.pch */,
				2D3A7629146CEC1E00303C0D /* PhoneGap.plist */,
			);
			name = "Supporting Files";
			sourceTree = "<group>";
		};
		2D3A7612146CEC1E00303C0D /* Resources */ = {
			isa = PBXGroup;
			children = (
				2D3A7627146CEC1E00303C0D /* Capture.bundle */,
				2D3A7613146CEC1E00303C0D /* en.lproj */,
				2D3A7617146CEC1E00303C0D /* es.lproj */,
				2D3A761B146CEC1E00303C0D /* icons */,
				2D3A7622146CEC1E00303C0D /* splash */,
			);
			name = Resources;
			sourceTree = "<group>";
		};
		2D3A7613146CEC1E00303C0D /* en.lproj */ = {
			isa = PBXGroup;
			children = (
				2D3A7614146CEC1E00303C0D /* Localizable.strings */,
			);
			name = en.lproj;
			sourceTree = "<group>";
		};
		2D3A7617146CEC1E00303C0D /* es.lproj */ = {
			isa = PBXGroup;
			children = (
				2D3A7618146CEC1E00303C0D /* Localizable.strings */,
			);
			name = es.lproj;
			sourceTree = "<group>";
		};
		2D3A761B146CEC1E00303C0D /* icons */ = {
			isa = PBXGroup;
			children = (
				2D3A761C146CEC1E00303C0D /* icon.png */,
				2D3A761E146CEC1E00303C0D /* icon@2x.png */,
				2D3A7620146CEC1E00303C0D /* icon-72.png */,
			);
			name = icons;
			sourceTree = "<group>";
		};
		2D3A7622146CEC1E00303C0D /* splash */ = {
			isa = PBXGroup;
			children = (
				2D3A7623146CEC1E00303C0D /* Default.png */,
				2D3A7625146CEC1E00303C0D /* Default@2x.png */,
			);
			name = splash;
			sourceTree = "<group>";
		};
		2D3A762B146CEC1E00303C0D /* Classes */ = {
			isa = PBXGroup;
			children = (
				2D3A762C146CEC1E00303C0D /* AppDelegate.h */,
				2D3A762D146CEC1E00303C0D /* AppDelegate.m */,
			);
			name = Classes;
			sourceTree = "<group>";
		};
		2D3A762F146CEC1E00303C0D /* Plugins */ = {
			isa = PBXGroup;
			children = (
				2D3A7630146CEC1E00303C0D /* README */,
			);
			name = Plugins;
			sourceTree = "<group>";
		};
/* End PBXGroup section */

/* Begin PBXNativeTarget section */
		2D3A75E8146CEC1E00303C0D /* play-more */ = {
			isa = PBXNativeTarget;
			buildConfigurationList = 2D3A7633146CEC1E00303C0D /* Build configuration list for PBXNativeTarget "play-more" */;
			buildPhases = (
				2D3A75E2146CEC1E00303C0D /* Sources */,
				2D3A75E3146CEC1E00303C0D /* Frameworks */,
				2D3A75E4146CEC1E00303C0D /* Resources */,
				2D3A75E5146CEC1E00303C0D /* Sources */,
				2D3A75E6146CEC1E00303C0D /* Frameworks */,
				2D3A75E7146CEC1E00303C0D /* ShellScript */,
			);
			buildRules = (
			);
			dependencies = (
			);
			name = "play-more";
			productName = "play-more";
			productReference = 2D3A75E9146CEC1E00303C0D /* play-more.app */;
			productType = "com.apple.product-type.application";
		};
/* End PBXNativeTarget section */

/* Begin PBXProject section */
		2D3A75DD146CEC1D00303C0D /* Project object */ = {
			isa = PBXProject;
			attributes = {
				LastUpgradeCheck = 0420;
				ORGANIZATIONNAME = "Raible Designs, Inc.";
			};
			buildConfigurationList = 2D3A75E0146CEC1D00303C0D /* Build configuration list for PBXProject "play-more" */;
			compatibilityVersion = "Xcode 3.2";
			developmentRegion = English;
			hasScannedForEncodings = 0;
			knownRegions = (
				en,
				es,
			);
			mainGroup = 2D3A75DB146CEC1D00303C0D;
			productRefGroup = 2D3A75EA146CEC1E00303C0D /* Products */;
			projectDirPath = "";
			projectRoot = "";
			targets = (
				2D3A75E8146CEC1E00303C0D /* play-more */,
			);
		};
/* End PBXProject section */

/* Begin PBXResourcesBuildPhase section */
		2D3A75E4146CEC1E00303C0D /* Resources */ = {
			isa = PBXResourcesBuildPhase;
			buildActionMask = 2147483647;
			files = (
				2D3A760C146CEC1E00303C0D /* InfoPlist.strings in Resources */,
				2D3A7616146CEC1E00303C0D /* Localizable.strings in Resources */,
				2D3A761A146CEC1E00303C0D /* Localizable.strings in Resources */,
				2D3A761D146CEC1E00303C0D /* icon.png in Resources */,
				2D3A761F146CEC1E00303C0D /* icon@2x.png in Resources */,
				2D3A7621146CEC1E00303C0D /* icon-72.png in Resources */,
				2D3A7624146CEC1E00303C0D /* Default.png in Resources */,
				2D3A7626146CEC1E00303C0D /* Default@2x.png in Resources */,
				2D3A7628146CEC1E00303C0D /* Capture.bundle in Resources */,
				2D3A762A146CEC1E00303C0D /* PhoneGap.plist in Resources */,
				2D3A7637146CEC5400303C0D /* www in Resources */,
			);
			runOnlyForDeploymentPostprocessing = 0;
		};
/* End PBXResourcesBuildPhase section */

/* Begin PBXShellScriptBuildPhase section */
		2D3A75E7146CEC1E00303C0D /* ShellScript */ = {
			isa = PBXShellScriptBuildPhase;
			buildActionMask = 2147483647;
			files = (
			);
			inputPaths = (
			);
			outputPaths = (
			);
			runOnlyForDeploymentPostprocessing = 0;
			shellPath = /bin/bash;
			shellScript = "\n\t\t\t\t\t\t\t\tif [ ! -d \"$PROJECT_DIR/www\" ] ; then\n\t\t\t\t\t\t\t\t\tcp -R /Users/Shared/PhoneGap/Frameworks/PhoneGap.framework/www \"$PROJECT_DIR\"\n\t\t\t\t\t\t\t\tfi\n\t\t\t\t\t\t\t\t# detect www folder reference in project, if missing, print warning\n\t\t\t\t\t\t\t\tgrep \"{isa = PBXFileReference; lastKnownFileType = folder; path = www; sourceTree = \\\"<group>\\\"; };\" \"$PROJECT_DIR/$PROJECT_NAME.xcodeproj/project.pbxproj\"\n\t\t\t\t\t\t\t\trc=$? \n\t\t\t\t\t\t\t\tif [ $rc != 0 ] ; then\n\t\t\t\t\t\t\t\techo -e \"warning: Missing - Add $PROJECT_DIR/www as a folder reference in your project. Just drag and drop the folder into your project, into the Project Navigator of Xcode 4. Make sure you select the second radio-button: 'Create folder references for any added folders' (which will create a blue folder)\" 1>&2\n\t\t\t\t\t\t\t\tfi\t\t\t\t\t\t\t";
		};
/* End PBXShellScriptBuildPhase section */

/* Begin PBXSourcesBuildPhase section */
		2D3A75E2146CEC1E00303C0D /* Sources */ = {
			isa = PBXSourcesBuildPhase;
			buildActionMask = 2147483647;
			files = (
				2D3A760E146CEC1E00303C0D /* main.m in Sources */,
				2D3A762E146CEC1E00303C0D /* AppDelegate.m in Sources */,
			);
			runOnlyForDeploymentPostprocessing = 0;
		};
		2D3A75E5146CEC1E00303C0D /* Sources */ = {
			isa = PBXSourcesBuildPhase;
			buildActionMask = 2147483647;
			files = (
			);
			runOnlyForDeploymentPostprocessing = 0;
		};
/* End PBXSourcesBuildPhase section */

/* Begin PBXVariantGroup section */
		2D3A760A146CEC1E00303C0D /* InfoPlist.strings */ = {
			isa = PBXVariantGroup;
			children = (
				2D3A760B146CEC1E00303C0D /* en */,
			);
			name = InfoPlist.strings;
			sourceTree = "<group>";
		};
		2D3A7614146CEC1E00303C0D /* Localizable.strings */ = {
			isa = PBXVariantGroup;
			children = (
				2D3A7615146CEC1E00303C0D /* en */,
			);
			name = Localizable.strings;
			sourceTree = "<group>";
		};
		2D3A7618146CEC1E00303C0D /* Localizable.strings */ = {
			isa = PBXVariantGroup;
			children = (
				2D3A7619146CEC1E00303C0D /* es */,
			);
			name = Localizable.strings;
			sourceTree = "<group>";
		};
/* End PBXVariantGroup section */

/* Begin XCBuildConfiguration section */
		2D3A7631146CEC1E00303C0D /* Debug */ = {
			isa = XCBuildConfiguration;
			buildSettings = {
				ALWAYS_SEARCH_USER_PATHS = NO;
				ARCHS = "$(ARCHS_STANDARD_32_BIT)";
				CLANG_ENABLE_OBJC_ARC = YES;
				"CODE_SIGN_IDENTITY[sdk=iphoneos*]" = "iPhone Developer";
				COPY_PHASE_STRIP = NO;
				GCC_C_LANGUAGE_STANDARD = gnu99;
				GCC_DYNAMIC_NO_PIC = NO;
				GCC_OPTIMIZATION_LEVEL = 0;
				GCC_PREPROCESSOR_DEFINITIONS = (
					"DEBUG=1",
					"$(inherited)",
				);
				GCC_SYMBOLS_PRIVATE_EXTERN = NO;
				GCC_VERSION = com.apple.compilers.llvmgcc42;
				GCC_WARN_ABOUT_MISSING_PROTOTYPES = YES;
				GCC_WARN_ABOUT_RETURN_TYPE = YES;
				GCC_WARN_UNUSED_VARIABLE = YES;
				IPHONEOS_DEPLOYMENT_TARGET = 3.0;
				SDKROOT = iphoneos;
			};
			name = Debug;
		};
		2D3A7632146CEC1E00303C0D /* Release */ = {
			isa = XCBuildConfiguration;
			buildSettings = {
				ALWAYS_SEARCH_USER_PATHS = NO;
				ARCHS = "$(ARCHS_STANDARD_32_BIT)";
				CLANG_ENABLE_OBJC_ARC = YES;
				"CODE_SIGN_IDENTITY[sdk=iphoneos*]" = "iPhone Developer";
				COPY_PHASE_STRIP = YES;
				GCC_C_LANGUAGE_STANDARD = gnu99;
				GCC_VERSION = com.apple.compilers.llvmgcc42;
				GCC_WARN_ABOUT_MISSING_PROTOTYPES = YES;
				GCC_WARN_ABOUT_RETURN_TYPE = YES;
				GCC_WARN_UNUSED_VARIABLE = YES;
				IPHONEOS_DEPLOYMENT_TARGET = 3.0;
				SDKROOT = iphoneos;
				VALIDATE_PRODUCT = YES;
			};
			name = Release;
		};
		2D3A7634146CEC1E00303C0D /* Debug */ = {
			isa = XCBuildConfiguration;
			buildSettings = {
				ALWAYS_SEARCH_USER_PATHS = YES;
				COPY_PHASE_STRIP = NO;
				FRAMEWORK_SEARCH_PATHS = /Users/Shared/PhoneGap/Frameworks;
				GCC_DYNAMIC_NO_PIC = NO;
				GCC_PRECOMPILE_PREFIX_HEADER = YES;
				GCC_PREFIX_HEADER = "play-more/play-more-Prefix.pch";
				GCC_PREPROCESSOR_DEFINITIONS = "PHONEGAP_FRAMEWORK=YES";
				INFOPLIST_FILE = "play-more/play-more-Info.plist";
				OTHER_LDFLAGS = (
					"-weak_framework",
					UIKit,
					"-weak_framework",
					AVFoundation,
					"-weak_framework",
					CoreMedia,
					"-weak_library",
					/usr/lib/libSystem.B.dylib,
				);
				PRODUCT_NAME = "$(TARGET_NAME)";
				TARGETED_DEVICE_FAMILY = "1,2";
				WRAPPER_EXTENSION = app;
			};
			name = Debug;
		};
		2D3A7635146CEC1E00303C0D /* Release */ = {
			isa = XCBuildConfiguration;
			buildSettings = {
				ALWAYS_SEARCH_USER_PATHS = YES;
				COPY_PHASE_STRIP = YES;
				DEBUG_INFORMATION_FORMAT = "dwarf-with-dsym";
				FRAMEWORK_SEARCH_PATHS = /Users/Shared/PhoneGap/Frameworks;
				GCC_PRECOMPILE_PREFIX_HEADER = YES;
				GCC_PREFIX_HEADER = "play-more/play-more-Prefix.pch";
				GCC_PREPROCESSOR_DEFINITIONS = "PHONEGAP_FRAMEWORK=YES";
				INFOPLIST_FILE = "play-more/play-more-Info.plist";
				OTHER_LDFLAGS = (
					"-weak_framework",
					UIKit,
					"-weak_framework",
					AVFoundation,
					"-weak_framework",
					CoreMedia,
					"-weak_library",
					/usr/lib/libSystem.B.dylib,
				);
				PRODUCT_NAME = "$(TARGET_NAME)";
				TARGETED_DEVICE_FAMILY = "1,2";
				VALIDATE_PRODUCT = YES;
				WRAPPER_EXTENSION = app;
			};
			name = Release;
		};
/* End XCBuildConfiguration section */

/* Begin XCConfigurationList section */
		2D3A75E0146CEC1D00303C0D /* Build configuration list for PBXProject "play-more" */ = {
			isa = XCConfigurationList;
			buildConfigurations = (
				2D3A7631146CEC1E00303C0D /* Debug */,
				2D3A7632146CEC1E00303C0D /* Release */,
			);
			defaultConfigurationIsVisible = 0;
			defaultConfigurationName = Release;
		};
		2D3A7633146CEC1E00303C0D /* Build configuration list for PBXNativeTarget "play-more" */ = {
			isa = XCConfigurationList;
			buildConfigurations = (
				2D3A7634146CEC1E00303C0D /* Debug */,
				2D3A7635146CEC1E00303C0D /* Release */,
			);
			defaultConfigurationIsVisible = 0;
		};
/* End XCConfigurationList section */
	};
	rootObject = 2D3A75DD146CEC1D00303C0D /* Project object */;
}
