// !$*UTF8*$!
{
	archiveVersion = 1;
	classes = {
	};
	objectVersion = 46;
	objects = {

/* Begin PBXBuildFile section */
		2D346582158FCD4700A5672E /* Foundation.framework in Frameworks */ = {isa = PBXBuildFile; fileRef = 2D346581158FCD4700A5672E /* Foundation.framework */; };
		2D346584158FCD4700A5672E /* UIKit.framework in Frameworks */ = {isa = PBXBuildFile; fileRef = 2D346583158FCD4700A5672E /* UIKit.framework */; };
		2D346586158FCD4700A5672E /* CoreGraphics.framework in Frameworks */ = {isa = PBXBuildFile; fileRef = 2D346585158FCD4700A5672E /* CoreGraphics.framework */; };
		2D346588158FCD4700A5672E /* AddressBook.framework in Frameworks */ = {isa = PBXBuildFile; fileRef = 2D346587158FCD4700A5672E /* AddressBook.framework */; };
		2D34658A158FCD4700A5672E /* AddressBookUI.framework in Frameworks */ = {isa = PBXBuildFile; fileRef = 2D346589158FCD4700A5672E /* AddressBookUI.framework */; };
		2D34658C158FCD4700A5672E /* AudioToolbox.framework in Frameworks */ = {isa = PBXBuildFile; fileRef = 2D34658B158FCD4700A5672E /* AudioToolbox.framework */; };
		2D34658E158FCD4700A5672E /* AVFoundation.framework in Frameworks */ = {isa = PBXBuildFile; fileRef = 2D34658D158FCD4700A5672E /* AVFoundation.framework */; };
		2D346590158FCD4700A5672E /* CoreLocation.framework in Frameworks */ = {isa = PBXBuildFile; fileRef = 2D34658F158FCD4700A5672E /* CoreLocation.framework */; };
		2D346592158FCD4700A5672E /* MediaPlayer.framework in Frameworks */ = {isa = PBXBuildFile; fileRef = 2D346591158FCD4700A5672E /* MediaPlayer.framework */; };
		2D346594158FCD4700A5672E /* QuartzCore.framework in Frameworks */ = {isa = PBXBuildFile; fileRef = 2D346593158FCD4700A5672E /* QuartzCore.framework */; };
		2D346596158FCD4700A5672E /* SystemConfiguration.framework in Frameworks */ = {isa = PBXBuildFile; fileRef = 2D346595158FCD4700A5672E /* SystemConfiguration.framework */; };
		2D346598158FCD4700A5672E /* MobileCoreServices.framework in Frameworks */ = {isa = PBXBuildFile; fileRef = 2D346597158FCD4700A5672E /* MobileCoreServices.framework */; };
		2D34659A158FCD4700A5672E /* CoreMedia.framework in Frameworks */ = {isa = PBXBuildFile; fileRef = 2D346599158FCD4700A5672E /* CoreMedia.framework */; };
		2D3465A0158FCD4700A5672E /* InfoPlist.strings in Resources */ = {isa = PBXBuildFile; fileRef = 2D34659E158FCD4700A5672E /* InfoPlist.strings */; };
		2D3465A2158FCD4700A5672E /* main.m in Sources */ = {isa = PBXBuildFile; fileRef = 2D3465A1158FCD4700A5672E /* main.m */; };
		2D3465A5158FCD4700A5672E /* Cordova.framework in Frameworks */ = {isa = PBXBuildFile; fileRef = 2D3465A4158FCD4700A5672E /* Cordova.framework */; };
		2D3465AA158FCD4700A5672E /* Localizable.strings in Resources */ = {isa = PBXBuildFile; fileRef = 2D3465A8158FCD4700A5672E /* Localizable.strings */; };
		2D3465AE158FCD4700A5672E /* Localizable.strings in Resources */ = {isa = PBXBuildFile; fileRef = 2D3465AC158FCD4700A5672E /* Localizable.strings */; };
		2D3465B2158FCD4700A5672E /* Localizable.strings in Resources */ = {isa = PBXBuildFile; fileRef = 2D3465B0158FCD4700A5672E /* Localizable.strings */; };
		2D3465B6158FCD4700A5672E /* Localizable.strings in Resources */ = {isa = PBXBuildFile; fileRef = 2D3465B4158FCD4700A5672E /* Localizable.strings */; };
		2D3465B9158FCD4700A5672E /* icon.png in Resources */ = {isa = PBXBuildFile; fileRef = 2D3465B8158FCD4700A5672E /* icon.png */; };
		2D3465BB158FCD4700A5672E /* icon@2x.png in Resources */ = {isa = PBXBuildFile; fileRef = 2D3465BA158FCD4700A5672E /* icon@2x.png */; };
		2D3465BD158FCD4700A5672E /* icon-72.png in Resources */ = {isa = PBXBuildFile; fileRef = 2D3465BC158FCD4700A5672E /* icon-72.png */; };
		2D3465C0158FCD4700A5672E /* Default~iphone.png in Resources */ = {isa = PBXBuildFile; fileRef = 2D3465BF158FCD4700A5672E /* Default~iphone.png */; };
		2D3465C2158FCD4700A5672E /* Default@2x~iphone.png in Resources */ = {isa = PBXBuildFile; fileRef = 2D3465C1158FCD4700A5672E /* Default@2x~iphone.png */; };
		2D3465C4158FCD4700A5672E /* Capture.bundle in Resources */ = {isa = PBXBuildFile; fileRef = 2D3465C3158FCD4700A5672E /* Capture.bundle */; };
		2D3465C6158FCD4700A5672E /* Cordova.plist in Resources */ = {isa = PBXBuildFile; fileRef = 2D3465C5158FCD4700A5672E /* Cordova.plist */; };
		2D3465CA158FCD4700A5672E /* AppDelegate.m in Sources */ = {isa = PBXBuildFile; fileRef = 2D3465C9158FCD4700A5672E /* AppDelegate.m */; };
		2D3465CD158FCD4700A5672E /* MainViewController.m in Sources */ = {isa = PBXBuildFile; fileRef = 2D3465CC158FCD4700A5672E /* MainViewController.m */; };
		2D3465CF158FCD4700A5672E /* MainViewController.xib in Resources */ = {isa = PBXBuildFile; fileRef = 2D3465CE158FCD4700A5672E /* MainViewController.xib */; };
/* End PBXBuildFile section */

/* Begin PBXFileReference section */
		2D34657D158FCD4700A5672E /* play-more.app */ = {isa = PBXFileReference; explicitFileType = wrapper.application; includeInIndex = 0; path = "play-more.app"; sourceTree = BUILT_PRODUCTS_DIR; };
		2D346581158FCD4700A5672E /* Foundation.framework */ = {isa = PBXFileReference; lastKnownFileType = wrapper.framework; name = Foundation.framework; path = System/Library/Frameworks/Foundation.framework; sourceTree = SDKROOT; };
		2D346583158FCD4700A5672E /* UIKit.framework */ = {isa = PBXFileReference; lastKnownFileType = wrapper.framework; name = UIKit.framework; path = System/Library/Frameworks/UIKit.framework; sourceTree = SDKROOT; };
		2D346585158FCD4700A5672E /* CoreGraphics.framework */ = {isa = PBXFileReference; lastKnownFileType = wrapper.framework; name = CoreGraphics.framework; path = System/Library/Frameworks/CoreGraphics.framework; sourceTree = SDKROOT; };
		2D346587158FCD4700A5672E /* AddressBook.framework */ = {isa = PBXFileReference; lastKnownFileType = wrapper.framework; name = AddressBook.framework; path = System/Library/Frameworks/AddressBook.framework; sourceTree = SDKROOT; };
		2D346589158FCD4700A5672E /* AddressBookUI.framework */ = {isa = PBXFileReference; lastKnownFileType = wrapper.framework; name = AddressBookUI.framework; path = System/Library/Frameworks/AddressBookUI.framework; sourceTree = SDKROOT; };
		2D34658B158FCD4700A5672E /* AudioToolbox.framework */ = {isa = PBXFileReference; lastKnownFileType = wrapper.framework; name = AudioToolbox.framework; path = System/Library/Frameworks/AudioToolbox.framework; sourceTree = SDKROOT; };
		2D34658D158FCD4700A5672E /* AVFoundation.framework */ = {isa = PBXFileReference; lastKnownFileType = wrapper.framework; name = AVFoundation.framework; path = System/Library/Frameworks/AVFoundation.framework; sourceTree = SDKROOT; };
		2D34658F158FCD4700A5672E /* CoreLocation.framework */ = {isa = PBXFileReference; lastKnownFileType = wrapper.framework; name = CoreLocation.framework; path = System/Library/Frameworks/CoreLocation.framework; sourceTree = SDKROOT; };
		2D346591158FCD4700A5672E /* MediaPlayer.framework */ = {isa = PBXFileReference; lastKnownFileType = wrapper.framework; name = MediaPlayer.framework; path = System/Library/Frameworks/MediaPlayer.framework; sourceTree = SDKROOT; };
		2D346593158FCD4700A5672E /* QuartzCore.framework */ = {isa = PBXFileReference; lastKnownFileType = wrapper.framework; name = QuartzCore.framework; path = System/Library/Frameworks/QuartzCore.framework; sourceTree = SDKROOT; };
		2D346595158FCD4700A5672E /* SystemConfiguration.framework */ = {isa = PBXFileReference; lastKnownFileType = wrapper.framework; name = SystemConfiguration.framework; path = System/Library/Frameworks/SystemConfiguration.framework; sourceTree = SDKROOT; };
		2D346597158FCD4700A5672E /* MobileCoreServices.framework */ = {isa = PBXFileReference; lastKnownFileType = wrapper.framework; name = MobileCoreServices.framework; path = System/Library/Frameworks/MobileCoreServices.framework; sourceTree = SDKROOT; };
		2D346599158FCD4700A5672E /* CoreMedia.framework */ = {isa = PBXFileReference; lastKnownFileType = wrapper.framework; name = CoreMedia.framework; path = System/Library/Frameworks/CoreMedia.framework; sourceTree = SDKROOT; };
		2D34659D158FCD4700A5672E /* play-more-Info.plist */ = {isa = PBXFileReference; path = "play-more-Info.plist"; sourceTree = "<group>"; };
		2D34659F158FCD4700A5672E /* en */ = {isa = PBXFileReference; lastKnownFileType = text.plist.strings; name = en; path = en.lproj/InfoPlist.strings; sourceTree = "<group>"; };
		2D3465A1158FCD4700A5672E /* main.m */ = {isa = PBXFileReference; lastKnownFileType = sourcecode.c.objc; path = main.m; sourceTree = "<group>"; };
		2D3465A3158FCD4700A5672E /* play-more-Prefix.pch */ = {isa = PBXFileReference; path = "play-more-Prefix.pch"; sourceTree = "<group>"; };
		2D3465A4158FCD4700A5672E /* Cordova.framework */ = {isa = PBXFileReference; lastKnownFileType = wrapper.framework; name = Cordova.framework; path = /Users/Shared/Cordova/Frameworks/Cordova.framework; sourceTree = "<absolute>"; };
		2D3465A9158FCD4700A5672E /* en */ = {isa = PBXFileReference; lastKnownFileType = text.plist.strings; name = en; path = Resources/en.lproj/Localizable.strings; sourceTree = "<group>"; };
		2D3465AD158FCD4700A5672E /* es */ = {isa = PBXFileReference; lastKnownFileType = text.plist.strings; name = es; path = Resources/es.lproj/Localizable.strings; sourceTree = "<group>"; };
		2D3465B1158FCD4700A5672E /* de */ = {isa = PBXFileReference; lastKnownFileType = text.plist.strings; name = de; path = Resources/de.lproj/Localizable.strings; sourceTree = "<group>"; };
		2D3465B5158FCD4700A5672E /* se */ = {isa = PBXFileReference; lastKnownFileType = text.plist.strings; name = se; path = Resources/se.lproj/Localizable.strings; sourceTree = "<group>"; };
		2D3465B8158FCD4700A5672E /* icon.png */ = {isa = PBXFileReference; lastKnownFileType = image.png; name = icon.png; path = Resources/icons/icon.png; sourceTree = "<group>"; };
		2D3465BA158FCD4700A5672E /* icon@2x.png */ = {isa = PBXFileReference; lastKnownFileType = image.png; name = "icon@2x.png"; path = "Resources/icons/icon@2x.png"; sourceTree = "<group>"; };
		2D3465BC158FCD4700A5672E /* icon-72.png */ = {isa = PBXFileReference; lastKnownFileType = image.png; name = "icon-72.png"; path = "Resources/icons/icon-72.png"; sourceTree = "<group>"; };
		2D3465BF158FCD4700A5672E /* Default~iphone.png */ = {isa = PBXFileReference; lastKnownFileType = image.png; name = "Default~iphone.png"; path = "Resources/splash/Default~iphone.png"; sourceTree = "<group>"; };
		2D3465C1158FCD4700A5672E /* Default@2x~iphone.png */ = {isa = PBXFileReference; lastKnownFileType = image.png; name = "Default@2x~iphone.png"; path = "Resources/splash/Default@2x~iphone.png"; sourceTree = "<group>"; };
		2D3465C3158FCD4700A5672E /* Capture.bundle */ = {isa = PBXFileReference; lastKnownFileType = "wrapper.plug-in"; name = Capture.bundle; path = Resources/Capture.bundle; sourceTree = "<group>"; };
		2D3465C5158FCD4700A5672E /* Cordova.plist */ = {isa = PBXFileReference; lastKnownFileType = text.plist.xml; path = Cordova.plist; sourceTree = "<group>"; };
		2D3465C8158FCD4700A5672E /* AppDelegate.h */ = {isa = PBXFileReference; name = AppDelegate.h; path = Classes/AppDelegate.h; sourceTree = "<group>"; };
		2D3465C9158FCD4700A5672E /* AppDelegate.m */ = {isa = PBXFileReference; lastKnownFileType = sourcecode.c.objc; name = AppDelegate.m; path = Classes/AppDelegate.m; sourceTree = "<group>"; };
		2D3465CB158FCD4700A5672E /* MainViewController.h */ = {isa = PBXFileReference; name = MainViewController.h; path = Classes/MainViewController.h; sourceTree = "<group>"; };
		2D3465CC158FCD4700A5672E /* MainViewController.m */ = {isa = PBXFileReference; lastKnownFileType = sourcecode.c.objc; name = MainViewController.m; path = Classes/MainViewController.m; sourceTree = "<group>"; };
		2D3465CE158FCD4700A5672E /* MainViewController.xib */ = {isa = PBXFileReference; lastKnownFileType = file.xib; name = MainViewController.xib; path = Classes/MainViewController.xib; sourceTree = "<group>"; };
		2D3465D1158FCD4700A5672E /* README */ = {isa = PBXFileReference; name = README; path = Plugins/README; sourceTree = "<group>"; };
		2D3465D2158FCD4700A5672E /* verify.sh */ = {isa = PBXFileReference; path = verify.sh; sourceTree = "<group>"; };
/* End PBXFileReference section */

/* Begin PBXFrameworksBuildPhase section */
		2D346577158FCD4700A5672E /* Frameworks */ = {
			isa = PBXFrameworksBuildPhase;
			buildActionMask = 2147483647;
			files = (
				2D346582158FCD4700A5672E /* Foundation.framework in Frameworks */,
				2D346584158FCD4700A5672E /* UIKit.framework in Frameworks */,
				2D346586158FCD4700A5672E /* CoreGraphics.framework in Frameworks */,
				2D346588158FCD4700A5672E /* AddressBook.framework in Frameworks */,
				2D34658A158FCD4700A5672E /* AddressBookUI.framework in Frameworks */,
				2D34658C158FCD4700A5672E /* AudioToolbox.framework in Frameworks */,
				2D34658E158FCD4700A5672E /* AVFoundation.framework in Frameworks */,
				2D346590158FCD4700A5672E /* CoreLocation.framework in Frameworks */,
				2D346592158FCD4700A5672E /* MediaPlayer.framework in Frameworks */,
				2D346594158FCD4700A5672E /* QuartzCore.framework in Frameworks */,
				2D346596158FCD4700A5672E /* SystemConfiguration.framework in Frameworks */,
				2D346598158FCD4700A5672E /* MobileCoreServices.framework in Frameworks */,
				2D34659A158FCD4700A5672E /* CoreMedia.framework in Frameworks */,
				2D3465A5158FCD4700A5672E /* Cordova.framework in Frameworks */,
			);
			runOnlyForDeploymentPostprocessing = 0;
		};
		2D34657A158FCD4700A5672E /* Frameworks */ = {
			isa = PBXFrameworksBuildPhase;
			buildActionMask = 2147483647;
			files = (
			);
			runOnlyForDeploymentPostprocessing = 0;
		};
/* End PBXFrameworksBuildPhase section */

/* Begin PBXGroup section */
		2D34656F158FCD4700A5672E = {
			isa = PBXGroup;
			children = (
				2D34659B158FCD4700A5672E /* play-more */,
				2D346580158FCD4700A5672E /* Frameworks */,
				2D34657E158FCD4700A5672E /* Products */,
			);
			sourceTree = "<group>";
		};
		2D34657E158FCD4700A5672E /* Products */ = {
			isa = PBXGroup;
			children = (
				2D34657D158FCD4700A5672E /* play-more.app */,
			);
			name = Products;
			sourceTree = "<group>";
		};
		2D346580158FCD4700A5672E /* Frameworks */ = {
			isa = PBXGroup;
			children = (
				2D346581158FCD4700A5672E /* Foundation.framework */,
				2D346583158FCD4700A5672E /* UIKit.framework */,
				2D346585158FCD4700A5672E /* CoreGraphics.framework */,
				2D346587158FCD4700A5672E /* AddressBook.framework */,
				2D346589158FCD4700A5672E /* AddressBookUI.framework */,
				2D34658B158FCD4700A5672E /* AudioToolbox.framework */,
				2D34658D158FCD4700A5672E /* AVFoundation.framework */,
				2D34658F158FCD4700A5672E /* CoreLocation.framework */,
				2D346591158FCD4700A5672E /* MediaPlayer.framework */,
				2D346593158FCD4700A5672E /* QuartzCore.framework */,
				2D346595158FCD4700A5672E /* SystemConfiguration.framework */,
				2D346597158FCD4700A5672E /* MobileCoreServices.framework */,
				2D346599158FCD4700A5672E /* CoreMedia.framework */,
			);
			name = Frameworks;
			sourceTree = "<group>";
		};
		2D34659B158FCD4700A5672E /* play-more */ = {
			isa = PBXGroup;
			children = (
				2D3465A4158FCD4700A5672E /* Cordova.framework */,
				2D3465A6158FCD4700A5672E /* Resources */,
				2D3465C7158FCD4700A5672E /* Classes */,
				2D3465D0158FCD4700A5672E /* Plugins */,
				2D34659C158FCD4700A5672E /* Supporting Files */,
			);
			path = "play-more";
			sourceTree = "<group>";
		};
		2D34659C158FCD4700A5672E /* Supporting Files */ = {
			isa = PBXGroup;
			children = (
				2D34659D158FCD4700A5672E /* play-more-Info.plist */,
				2D34659E158FCD4700A5672E /* InfoPlist.strings */,
				2D3465A1158FCD4700A5672E /* main.m */,
				2D3465A3158FCD4700A5672E /* play-more-Prefix.pch */,
				2D3465C5158FCD4700A5672E /* Cordova.plist */,
				2D3465CE158FCD4700A5672E /* MainViewController.xib */,
				2D3465D2158FCD4700A5672E /* verify.sh */,
			);
			name = "Supporting Files";
			sourceTree = "<group>";
		};
		2D3465A6158FCD4700A5672E /* Resources */ = {
			isa = PBXGroup;
			children = (
				2D3465C3158FCD4700A5672E /* Capture.bundle */,
				2D3465A7158FCD4700A5672E /* en.lproj */,
				2D3465AB158FCD4700A5672E /* es.lproj */,
				2D3465AF158FCD4700A5672E /* de.lproj */,
				2D3465B3158FCD4700A5672E /* se.lproj */,
				2D3465B7158FCD4700A5672E /* icons */,
				2D3465BE158FCD4700A5672E /* splash */,
			);
			name = Resources;
			sourceTree = "<group>";
		};
		2D3465A7158FCD4700A5672E /* en.lproj */ = {
			isa = PBXGroup;
			children = (
				2D3465A8158FCD4700A5672E /* Localizable.strings */,
			);
			name = en.lproj;
			sourceTree = "<group>";
		};
		2D3465AB158FCD4700A5672E /* es.lproj */ = {
			isa = PBXGroup;
			children = (
				2D3465AC158FCD4700A5672E /* Localizable.strings */,
			);
			name = es.lproj;
			sourceTree = "<group>";
		};
		2D3465AF158FCD4700A5672E /* de.lproj */ = {
			isa = PBXGroup;
			children = (
				2D3465B0158FCD4700A5672E /* Localizable.strings */,
			);
			name = de.lproj;
			sourceTree = "<group>";
		};
		2D3465B3158FCD4700A5672E /* se.lproj */ = {
			isa = PBXGroup;
			children = (
				2D3465B4158FCD4700A5672E /* Localizable.strings */,
			);
			name = se.lproj;
			sourceTree = "<group>";
		};
		2D3465B7158FCD4700A5672E /* icons */ = {
			isa = PBXGroup;
			children = (
				2D3465B8158FCD4700A5672E /* icon.png */,
				2D3465BA158FCD4700A5672E /* icon@2x.png */,
				2D3465BC158FCD4700A5672E /* icon-72.png */,
			);
			name = icons;
			sourceTree = "<group>";
		};
		2D3465BE158FCD4700A5672E /* splash */ = {
			isa = PBXGroup;
			children = (
				2D3465BF158FCD4700A5672E /* Default~iphone.png */,
				2D3465C1158FCD4700A5672E /* Default@2x~iphone.png */,
			);
			name = splash;
			sourceTree = "<group>";
		};
		2D3465C7158FCD4700A5672E /* Classes */ = {
			isa = PBXGroup;
			children = (
				2D3465C8158FCD4700A5672E /* AppDelegate.h */,
				2D3465C9158FCD4700A5672E /* AppDelegate.m */,
				2D3465CB158FCD4700A5672E /* MainViewController.h */,
				2D3465CC158FCD4700A5672E /* MainViewController.m */,
			);
			name = Classes;
			sourceTree = "<group>";
		};
		2D3465D0158FCD4700A5672E /* Plugins */ = {
			isa = PBXGroup;
			children = (
				2D3465D1158FCD4700A5672E /* README */,
			);
			name = Plugins;
			sourceTree = "<group>";
		};
/* End PBXGroup section */

/* Begin PBXNativeTarget section */
		2D34657C158FCD4700A5672E /* play-more */ = {
			isa = PBXNativeTarget;
			buildConfigurationList = 2D3465D5158FCD4700A5672E /* Build configuration list for PBXNativeTarget "play-more" */;
			buildPhases = (
				2D346576158FCD4700A5672E /* Sources */,
				2D346577158FCD4700A5672E /* Frameworks */,
				2D346578158FCD4700A5672E /* Resources */,
				2D346579158FCD4700A5672E /* Sources */,
				2D34657A158FCD4700A5672E /* Frameworks */,
				2D34657B158FCD4700A5672E /* ShellScript */,
			);
			buildRules = (
			);
			dependencies = (
			);
			name = "play-more";
			productName = "play-more";
			productReference = 2D34657D158FCD4700A5672E /* play-more.app */;
			productType = "com.apple.product-type.application";
		};
/* End PBXNativeTarget section */

/* Begin PBXProject section */
		2D346571158FCD4700A5672E /* Project object */ = {
			isa = PBXProject;
			attributes = {
				LastUpgradeCheck = 0430;
				ORGANIZATIONNAME = "Raible Designs, Inc.";
			};
			buildConfigurationList = 2D346574158FCD4700A5672E /* Build configuration list for PBXProject "play-more" */;
			compatibilityVersion = "Xcode 3.2";
			developmentRegion = English;
			hasScannedForEncodings = 0;
			knownRegions = (
				en,
				es,
				de,
				se,
			);
			mainGroup = 2D34656F158FCD4700A5672E;
			productRefGroup = 2D34657E158FCD4700A5672E /* Products */;
			projectDirPath = "";
			projectRoot = "";
			targets = (
				2D34657C158FCD4700A5672E /* play-more */,
			);
		};
/* End PBXProject section */

/* Begin PBXResourcesBuildPhase section */
		2D346578158FCD4700A5672E /* Resources */ = {
			isa = PBXResourcesBuildPhase;
			buildActionMask = 2147483647;
			files = (
				2D3465A0158FCD4700A5672E /* InfoPlist.strings in Resources */,
				2D3465AA158FCD4700A5672E /* Localizable.strings in Resources */,
				2D3465AE158FCD4700A5672E /* Localizable.strings in Resources */,
				2D3465B2158FCD4700A5672E /* Localizable.strings in Resources */,
				2D3465B6158FCD4700A5672E /* Localizable.strings in Resources */,
				2D3465B9158FCD4700A5672E /* icon.png in Resources */,
				2D3465BB158FCD4700A5672E /* icon@2x.png in Resources */,
				2D3465BD158FCD4700A5672E /* icon-72.png in Resources */,
				2D3465C0158FCD4700A5672E /* Default~iphone.png in Resources */,
				2D3465C2158FCD4700A5672E /* Default@2x~iphone.png in Resources */,
				2D3465C4158FCD4700A5672E /* Capture.bundle in Resources */,
				2D3465C6158FCD4700A5672E /* Cordova.plist in Resources */,
				2D3465CF158FCD4700A5672E /* MainViewController.xib in Resources */,
			);
			runOnlyForDeploymentPostprocessing = 0;
		};
/* End PBXResourcesBuildPhase section */

/* Begin PBXShellScriptBuildPhase section */
		2D34657B158FCD4700A5672E /* ShellScript */ = {
			isa = PBXShellScriptBuildPhase;
			buildActionMask = 2147483647;
			files = (
			);
			inputPaths = (
			);
			outputPaths = (
			);
			runOnlyForDeploymentPostprocessing = 0;
			shellPath = /bin/bash;
			shellScript = "\n\t\t\t\t\t\t\t\tchmod 755 \"$PROJECT_DIR/$PROJECT_NAME/verify.sh\"\n\t\t\t\t\t\t\t\t\"$PROJECT_DIR/$PROJECT_NAME/verify.sh\"\n\t\t\t\t\t";
		};
/* End PBXShellScriptBuildPhase section */

/* Begin PBXSourcesBuildPhase section */
		2D346576158FCD4700A5672E /* Sources */ = {
			isa = PBXSourcesBuildPhase;
			buildActionMask = 2147483647;
			files = (
				2D3465A2158FCD4700A5672E /* main.m in Sources */,
				2D3465CA158FCD4700A5672E /* AppDelegate.m in Sources */,
				2D3465CD158FCD4700A5672E /* MainViewController.m in Sources */,
			);
			runOnlyForDeploymentPostprocessing = 0;
		};
		2D346579158FCD4700A5672E /* Sources */ = {
			isa = PBXSourcesBuildPhase;
			buildActionMask = 2147483647;
			files = (
			);
			runOnlyForDeploymentPostprocessing = 0;
		};
/* End PBXSourcesBuildPhase section */

/* Begin PBXVariantGroup section */
		2D34659E158FCD4700A5672E /* InfoPlist.strings */ = {
			isa = PBXVariantGroup;
			children = (
				2D34659F158FCD4700A5672E /* en */,
			);
			name = InfoPlist.strings;
			sourceTree = "<group>";
		};
		2D3465A8158FCD4700A5672E /* Localizable.strings */ = {
			isa = PBXVariantGroup;
			children = (
				2D3465A9158FCD4700A5672E /* en */,
			);
			name = Localizable.strings;
			sourceTree = "<group>";
		};
		2D3465AC158FCD4700A5672E /* Localizable.strings */ = {
			isa = PBXVariantGroup;
			children = (
				2D3465AD158FCD4700A5672E /* es */,
			);
			name = Localizable.strings;
			sourceTree = "<group>";
		};
		2D3465B0158FCD4700A5672E /* Localizable.strings */ = {
			isa = PBXVariantGroup;
			children = (
				2D3465B1158FCD4700A5672E /* de */,
			);
			name = Localizable.strings;
			sourceTree = "<group>";
		};
		2D3465B4158FCD4700A5672E /* Localizable.strings */ = {
			isa = PBXVariantGroup;
			children = (
				2D3465B5158FCD4700A5672E /* se */,
			);
			name = Localizable.strings;
			sourceTree = "<group>";
		};
/* End PBXVariantGroup section */

/* Begin XCBuildConfiguration section */
		2D3465D3158FCD4700A5672E /* Debug */ = {
			isa = XCBuildConfiguration;
			buildSettings = {
				ALWAYS_SEARCH_USER_PATHS = NO;
				ARCHS = (
					armv6,
					"$(ARCHS_STANDARD_32_BIT)",
				);
				"CODE_SIGN_IDENTITY[sdk=iphoneos*]" = "iPhone Developer";
				COPY_PHASE_STRIP = NO;
				GCC_C_LANGUAGE_STANDARD = gnu99;
				GCC_DYNAMIC_NO_PIC = NO;
				GCC_OPTIMIZATION_LEVEL = 0;
				GCC_PREPROCESSOR_DEFINITIONS = (
					"DEBUG=1",
					"$(inherited)",
				);
				GCC_SYMBOLS_PRIVATE_EXTERN = NO;
				GCC_VERSION = com.apple.compilers.llvm.clang.1_0;
				GCC_WARN_ABOUT_RETURN_TYPE = YES;
				GCC_WARN_UNINITIALIZED_AUTOS = YES;
				GCC_WARN_UNUSED_VARIABLE = YES;
				IPHONEOS_DEPLOYMENT_TARGET = 3.0;
				SDKROOT = iphoneos;
			};
			name = Debug;
		};
		2D3465D4158FCD4700A5672E /* Release */ = {
			isa = XCBuildConfiguration;
			buildSettings = {
				ALWAYS_SEARCH_USER_PATHS = NO;
				ARCHS = (
					armv6,
					"$(ARCHS_STANDARD_32_BIT)",
				);
				"CODE_SIGN_IDENTITY[sdk=iphoneos*]" = "iPhone Developer";
				COPY_PHASE_STRIP = YES;
				GCC_C_LANGUAGE_STANDARD = gnu99;
				GCC_VERSION = com.apple.compilers.llvm.clang.1_0;
				GCC_WARN_ABOUT_RETURN_TYPE = YES;
				GCC_WARN_UNINITIALIZED_AUTOS = YES;
				GCC_WARN_UNUSED_VARIABLE = YES;
				IPHONEOS_DEPLOYMENT_TARGET = 3.0;
				SDKROOT = iphoneos;
				VALIDATE_PRODUCT = YES;
			};
			name = Release;
		};
		2D3465D6158FCD4700A5672E /* Debug */ = {
			isa = XCBuildConfiguration;
			buildSettings = {
				ALWAYS_SEARCH_USER_PATHS = YES;
				COPY_PHASE_STRIP = NO;
				FRAMEWORK_SEARCH_PATHS = /Users/Shared/Cordova/Frameworks;
				GCC_DYNAMIC_NO_PIC = NO;
				GCC_PRECOMPILE_PREFIX_HEADER = YES;
				GCC_PREFIX_HEADER = "play-more/play-more-Prefix.pch";
				GCC_PREPROCESSOR_DEFINITIONS = (
					"DEBUG=1,",
					"CORDOVA_FRAMEWORK=1",
				);
				INFOPLIST_FILE = "play-more/play-more-Info.plist";
				OTHER_LDFLAGS = (
					"-weak_framework",
					UIKit,
					"-weak_framework",
					AVFoundation,
					"-weak_framework",
					CoreMedia,
					"-weak-lSystem",
				);
				PRODUCT_NAME = "$(TARGET_NAME)";
				TARGETED_DEVICE_FAMILY = "1,2";
				WRAPPER_EXTENSION = app;
			};
			name = Debug;
		};
		2D3465D7158FCD4700A5672E /* Release */ = {
			isa = XCBuildConfiguration;
			buildSettings = {
				ALWAYS_SEARCH_USER_PATHS = YES;
				COPY_PHASE_STRIP = YES;
				DEBUG_INFORMATION_FORMAT = "dwarf-with-dsym";
				FRAMEWORK_SEARCH_PATHS = /Users/Shared/Cordova/Frameworks;
				GCC_PRECOMPILE_PREFIX_HEADER = YES;
				GCC_PREFIX_HEADER = "play-more/play-more-Prefix.pch";
				GCC_PREPROCESSOR_DEFINITIONS = (
					"NDEBUG=1,",
					"CORDOVA_FRAMEWORK=1",
				);
				INFOPLIST_FILE = "play-more/play-more-Info.plist";
				OTHER_LDFLAGS = (
					"-weak_framework",
					UIKit,
					"-weak_framework",
					AVFoundation,
					"-weak_framework",
					CoreMedia,
					"-weak-lSystem",
				);
				PRODUCT_NAME = "$(TARGET_NAME)";
				TARGETED_DEVICE_FAMILY = "1,2";
				VALIDATE_PRODUCT = YES;
				WRAPPER_EXTENSION = app;
			};
			name = Release;
		};
/* End XCBuildConfiguration section */

/* Begin XCConfigurationList section */
		2D346574158FCD4700A5672E /* Build configuration list for PBXProject "play-more" */ = {
			isa = XCConfigurationList;
			buildConfigurations = (
				2D3465D3158FCD4700A5672E /* Debug */,
				2D3465D4158FCD4700A5672E /* Release */,
			);
			defaultConfigurationIsVisible = 0;
			defaultConfigurationName = Release;
		};
		2D3465D5158FCD4700A5672E /* Build configuration list for PBXNativeTarget "play-more" */ = {
			isa = XCConfigurationList;
			buildConfigurations = (
				2D3465D6158FCD4700A5672E /* Debug */,
				2D3465D7158FCD4700A5672E /* Release */,
			);
			defaultConfigurationIsVisible = 0;
		};
/* End XCConfigurationList section */
	};
	rootObject = 2D346571158FCD4700A5672E /* Project object */;
}
